{
  "version": 4,
  "terraform_version": "0.12.0",
  "serial": 49,
  "lineage": "f0a8d716-b09b-b461-af2a-fb2e0685f98c",
  "outputs": {},
  "resources": [
    {
      "mode": "managed",
      "type": "yandex_compute_instance",
      "name": "CI",
      "provider": "provider.yandex",
      "instances": [
        {
          "schema_version": 1,
          "attributes": {
            "allow_stopping_for_update": null,
            "boot_disk": [
              {
                "auto_delete": true,
                "device_name": "fhmrrjmmo8fjtga98jd5",
                "disk_id": "fhmrrjmmo8fjtga98jd5",
                "initialize_params": [
                  {
                    "description": "",
                    "image_id": "fd8hjvnsltkcdeqjom1n",
                    "name": "",
                    "size": 50,
                    "snapshot_id": "",
                    "type": "network-hdd"
                  }
                ],
                "mode": "READ_WRITE"
              }
            ],
            "created_at": "2022-02-10T11:18:39Z",
            "description": "",
            "folder_id": "b1gndtk21ufe5qbljq5h",
            "fqdn": "fhmetpesa67cb7oa523j.auto.internal",
            "hostname": "fhmetpesa67cb7oa523j",
            "id": "fhmetpesa67cb7oa523j",
            "labels": null,
            "metadata": {
              "ssh-keys": "ubuntu:ssh-rsa AAAAB3NzaC1yc2EAAAADAQABAAABgQDQui05gBEqyN5yps51Aq0FGDsexwWZBvx/UBjKB5KjJwIg0Lpx5P5NHa//hP2JchF5LWbZp7/2KKDKD3LhuESvVKoHBf2dMr5GhLiUK/XrLG/VG9hzYKkukU2phwP2h/XjvtTF0+K3KHr6+Bz30NT8phaB54pYLaI2hmu70KlkcPrPXUxHOTix3xE+tEatIfokOpjqzeLSta9Fmk2kynJNoIoOIXzpe89cs12G1Gv0tHIDgMgGqpiToq2CZF0HFonFJaI6xwxdc9IIeqz3jaFG2H9ICwUHwWxiE4xSOVB622GOdHVReGfcyFu+TZRm+leAT8aP3CJPV76WtUboGRXOpA1VW6Rlz5ui5o9iA3SSIL3fYAFixdeLYZHZxS+p9uEeHQNGzhUS8mGpWM2qnwCTucTKZIoDCzpeEwBgj5BbXu798LN7K2UJhTaXtJMkYtdpNt2wrUNBnrFus/KthaVWqjlOO+5inir8A6sArq/nqGB/QTzleC3eaDKPIIClk6E= kingascalon@MacBook-Pro-King.local\n"
            },
            "name": "gitlab-ci-vm",
            "network_acceleration_type": "standard",
            "network_interface": [
              {
                "index": 0,
                "ip_address": "10.128.0.15",
                "ipv4": true,
                "ipv6": false,
                "ipv6_address": "",
                "mac_address": "d0:0d:ee:e5:dc:51",
                "nat": true,
                "nat_ip_address": "51.250.0.70",
                "nat_ip_version": "IPV4",
                "security_group_ids": [],
                "subnet_id": "e9bei7h8inc7venqurqc"
              }
            ],
            "placement_policy": [
              {
                "placement_group_id": ""
              }
            ],
            "platform_id": "standard-v1",
            "resources": [
              {
                "core_fraction": 100,
                "cores": 2,
                "gpus": 0,
                "memory": 4
              }
            ],
            "scheduling_policy": [
              {
                "preemptible": false
              }
            ],
            "secondary_disk": [],
            "service_account_id": "",
            "status": "running",
            "timeouts": null,
            "zone": "ru-central1-a"
          }
        }
      ]
    }
  ]
}
